
Microsoft Visual Studio Solution File, Format Version 12.00
# Visual Studio 14
VisualStudioVersion = 14.0.25420.1
MinimumVisualStudioVersion = 10.0.40219.1
Project("{FAE04EC0-301F-11D3-BF4B-00C04F79EFBC}") = "EmpyrionManager", "src\EmpyrionManager\EmpyrionManager.csproj", "{52EA9428-0673-4944-8DB0-16C70AE381B1}"
EndProject
Project("{FAE04EC0-301F-11D3-BF4B-00C04F79EFBC}") = "EmpyrionManagerTest", "test\EmpyrionManagerTest\EmpyrionManagerTest.csproj", "{D1262B5A-4F5F-4D4B-96F4-094F3745A318}"
EndProject
Project("{FAE04EC0-301F-11D3-BF4B-00C04F79EFBC}") = "ManagerLauncher", "src\ManagerLauncher\ManagerLauncher.csproj", "{0817C862-DFF0-469F-9E60-43BF5C7217B9}"
EndProject
Project("{2150E333-8FDC-42A3-9474-1A3956D46DE8}") = "Source", "Source", "{AA17F055-6320-4E3D-8102-D09CDDF33AA2}"
EndProject
Project("{2150E333-8FDC-42A3-9474-1A3956D46DE8}") = "Test", "Test", "{A2BE06B6-FB7E-4B80-9394-B5A1BB2C9D79}"
EndProject
Global
	GlobalSection(SolutionConfigurationPlatforms) = preSolution
		Debug|Any CPU = Debug|Any CPU
		Debug|ARM = Debug|ARM
		Debug|x64 = Debug|x64
		Debug|x86 = Debug|x86
		Release|Any CPU = Release|Any CPU
		Release|ARM = Release|ARM
		Release|x64 = Release|x64
		Release|x86 = Release|x86
	EndGlobalSection
	GlobalSection(ProjectConfigurationPlatforms) = postSolution
		{52EA9428-0673-4944-8DB0-16C70AE381B1}.Debug|Any CPU.ActiveCfg = Debug|Any CPU
		{52EA9428-0673-4944-8DB0-16C70AE381B1}.Debug|Any CPU.Build.0 = Debug|Any CPU
		{52EA9428-0673-4944-8DB0-16C70AE381B1}.Debug|ARM.ActiveCfg = Debug|Any CPU
		{52EA9428-0673-4944-8DB0-16C70AE381B1}.Debug|ARM.Build.0 = Debug|Any CPU
		{52EA9428-0673-4944-8DB0-16C70AE381B1}.Debug|x64.ActiveCfg = Debug|Any CPU
		{52EA9428-0673-4944-8DB0-16C70AE381B1}.Debug|x64.Build.0 = Debug|Any CPU
		{52EA9428-0673-4944-8DB0-16C70AE381B1}.Debug|x86.ActiveCfg = Debug|Any CPU
		{52EA9428-0673-4944-8DB0-16C70AE381B1}.Debug|x86.Build.0 = Debug|Any CPU
		{52EA9428-0673-4944-8DB0-16C70AE381B1}.Release|Any CPU.ActiveCfg = Release|Any CPU
		{52EA9428-0673-4944-8DB0-16C70AE381B1}.Release|Any CPU.Build.0 = Release|Any CPU
		{52EA9428-0673-4944-8DB0-16C70AE381B1}.Release|ARM.ActiveCfg = Release|Any CPU
		{52EA9428-0673-4944-8DB0-16C70AE381B1}.Release|ARM.Build.0 = Release|Any CPU
		{52EA9428-0673-4944-8DB0-16C70AE381B1}.Release|x64.ActiveCfg = Release|Any CPU
		{52EA9428-0673-4944-8DB0-16C70AE381B1}.Release|x64.Build.0 = Release|Any CPU
		{52EA9428-0673-4944-8DB0-16C70AE381B1}.Release|x86.ActiveCfg = Release|Any CPU
		{52EA9428-0673-4944-8DB0-16C70AE381B1}.Release|x86.Build.0 = Release|Any CPU
		{D1262B5A-4F5F-4D4B-96F4-094F3745A318}.Debug|Any CPU.ActiveCfg = Debug|Any CPU
		{D1262B5A-4F5F-4D4B-96F4-094F3745A318}.Debug|Any CPU.Build.0 = Debug|Any CPU
		{D1262B5A-4F5F-4D4B-96F4-094F3745A318}.Debug|ARM.ActiveCfg = Debug|Any CPU
		{D1262B5A-4F5F-4D4B-96F4-094F3745A318}.Debug|ARM.Build.0 = Debug|Any CPU
		{D1262B5A-4F5F-4D4B-96F4-094F3745A318}.Debug|x64.ActiveCfg = Debug|Any CPU
		{D1262B5A-4F5F-4D4B-96F4-094F3745A318}.Debug|x64.Build.0 = Debug|Any CPU
		{D1262B5A-4F5F-4D4B-96F4-094F3745A318}.Debug|x86.ActiveCfg = Debug|Any CPU
		{D1262B5A-4F5F-4D4B-96F4-094F3745A318}.Debug|x86.Build.0 = Debug|Any CPU
		{D1262B5A-4F5F-4D4B-96F4-094F3745A318}.Release|Any CPU.ActiveCfg = Release|Any CPU
		{D1262B5A-4F5F-4D4B-96F4-094F3745A318}.Release|Any CPU.Build.0 = Release|Any CPU
		{D1262B5A-4F5F-4D4B-96F4-094F3745A318}.Release|ARM.ActiveCfg = Release|Any CPU
		{D1262B5A-4F5F-4D4B-96F4-094F3745A318}.Release|ARM.Build.0 = Release|Any CPU
		{D1262B5A-4F5F-4D4B-96F4-094F3745A318}.Release|x64.ActiveCfg = Release|Any CPU
		{D1262B5A-4F5F-4D4B-96F4-094F3745A318}.Release|x64.Build.0 = Release|Any CPU
		{D1262B5A-4F5F-4D4B-96F4-094F3745A318}.Release|x86.ActiveCfg = Release|Any CPU
		{D1262B5A-4F5F-4D4B-96F4-094F3745A318}.Release|x86.Build.0 = Release|Any CPU
		{0817C862-DFF0-469F-9E60-43BF5C7217B9}.Debug|Any CPU.ActiveCfg = Debug|Any CPU
		{0817C862-DFF0-469F-9E60-43BF5C7217B9}.Debug|Any CPU.Build.0 = Debug|Any CPU
		{0817C862-DFF0-469F-9E60-43BF5C7217B9}.Debug|ARM.ActiveCfg = Debug|Any CPU
		{0817C862-DFF0-469F-9E60-43BF5C7217B9}.Debug|ARM.Build.0 = Debug|Any CPU
		{0817C862-DFF0-469F-9E60-43BF5C7217B9}.Debug|x64.ActiveCfg = Debug|Any CPU
		{0817C862-DFF0-469F-9E60-43BF5C7217B9}.Debug|x64.Build.0 = Debug|Any CPU
		{0817C862-DFF0-469F-9E60-43BF5C7217B9}.Debug|x86.ActiveCfg = Debug|Any CPU
		{0817C862-DFF0-469F-9E60-43BF5C7217B9}.Debug|x86.Build.0 = Debug|Any CPU
		{0817C862-DFF0-469F-9E60-43BF5C7217B9}.Release|Any CPU.ActiveCfg = Release|Any CPU
		{0817C862-DFF0-469F-9E60-43BF5C7217B9}.Release|Any CPU.Build.0 = Release|Any CPU
		{0817C862-DFF0-469F-9E60-43BF5C7217B9}.Release|ARM.ActiveCfg = Release|Any CPU
		{0817C862-DFF0-469F-9E60-43BF5C7217B9}.Release|ARM.Build.0 = Release|Any CPU
		{0817C862-DFF0-469F-9E60-43BF5C7217B9}.Release|x64.ActiveCfg = Release|Any CPU
		{0817C862-DFF0-469F-9E60-43BF5C7217B9}.Release|x64.Build.0 = Release|Any CPU
		{0817C862-DFF0-469F-9E60-43BF5C7217B9}.Release|x86.ActiveCfg = Release|Any CPU
		{0817C862-DFF0-469F-9E60-43BF5C7217B9}.Release|x86.Build.0 = Release|Any CPU
	EndGlobalSection
	GlobalSection(SolutionProperties) = preSolution
		HideSolutionNode = FALSE
	EndGlobalSection
	GlobalSection(NestedProjects) = preSolution
		{52EA9428-0673-4944-8DB0-16C70AE381B1} = {AA17F055-6320-4E3D-8102-D09CDDF33AA2}
		{D1262B5A-4F5F-4D4B-96F4-094F3745A318} = {A2BE06B6-FB7E-4B80-9394-B5A1BB2C9D79}
		{0817C862-DFF0-469F-9E60-43BF5C7217B9} = {AA17F055-6320-4E3D-8102-D09CDDF33AA2}
	EndGlobalSection
EndGlobal
